
Microsoft Visual Studio Solution File, Format Version 12.00
# Visual Studio Version 17
VisualStudioVersion = 17.5.002.0
MinimumVisualStudioVersion = 10.0.40219.1
Project("{9A19103F-16F7-4668-BE54-9A1E7A4F7556}") = "dotnet-aws-comprehend", "dotnet-aws-comprehend.csproj", "{C7F93468-8520-4DB8-9A29-E970289F28F7}"
EndProject
Global
	GlobalSection(SolutionConfigurationPlatforms) = preSolution
		Debug|Any CPU = Debug|Any CPU
		Release|Any CPU = Release|Any CPU
	EndGlobalSection
	GlobalSection(ProjectConfigurationPlatforms) = postSolution
		{C7F93468-8520-4DB8-9A29-E970289F28F7}.Debug|Any CPU.ActiveCfg = Debug|Any CPU
		{C7F93468-8520-4DB8-9A29-E970289F28F7}.Debug|Any CPU.Build.0 = Debug|Any CPU
		{C7F93468-8520-4DB8-9A29-E970289F28F7}.Release|Any CPU.ActiveCfg = Release|Any CPU
		{C7F93468-8520-4DB8-9A29-E970289F28F7}.Release|Any CPU.Build.0 = Release|Any CPU
	EndGlobalSection
	GlobalSection(SolutionProperties) = preSolution
		HideSolutionNode = FALSE
	EndGlobalSection
	GlobalSection(ExtensibilityGlobals) = postSolution
		SolutionGuid = {1D0FD509-8DAA-4D9E-8BE8-9DCE2170E6C3}
	EndGlobalSection
EndGlobal
